// !$*UTF8*$!
{
	archiveVersion = 1;
	classes = {
	};
	objectVersion = 55;
	objects = {

/* Begin PBXBuildFile section */
		C372D00C27B1A4C7003FEB5D /* VikingSkullApps_BlacksAppsApp.swift in Sources */ = {isa = PBXBuildFile; fileRef = C372D00B27B1A4C7003FEB5D /* VikingSkullApps_BlacksAppsApp.swift */; };
		C372D00E27B1A4C7003FEB5D /* ContentView.swift in Sources */ = {isa = PBXBuildFile; fileRef = C372D00D27B1A4C7003FEB5D /* ContentView.swift */; };
		C372D01027B1A4C9003FEB5D /* Assets.xcassets in Resources */ = {isa = PBXBuildFile; fileRef = C372D00F27B1A4C9003FEB5D /* Assets.xcassets */; };
		C372D01327B1A4C9003FEB5D /* Preview Assets.xcassets in Resources */ = {isa = PBXBuildFile; fileRef = C372D01227B1A4C9003FEB5D /* Preview Assets.xcassets */; };
		C372D01B27B30AE1003FEB5D /* CGPoint+Extensions.swift in Sources */ = {isa = PBXBuildFile; fileRef = C372D01A27B30AE1003FEB5D /* CGPoint+Extensions.swift */; };
		C372D01E27B30B39003FEB5D /* DrawingHelper.swift in Sources */ = {isa = PBXBuildFile; fileRef = C372D01D27B30B39003FEB5D /* DrawingHelper.swift */; };
		C372D02127B30BC1003FEB5D /* PointVariability.swift in Sources */ = {isa = PBXBuildFile; fileRef = C372D02027B30BC1003FEB5D /* PointVariability.swift */; };
		C372D02327B30CBA003FEB5D /* AnimatableVectorVariabilities.swift in Sources */ = {isa = PBXBuildFile; fileRef = C372D02227B30CBA003FEB5D /* AnimatableVectorVariabilities.swift */; };
		C372D02527B32BDC003FEB5D /* BlobLoader.swift in Sources */ = {isa = PBXBuildFile; fileRef = C372D02427B32BDC003FEB5D /* BlobLoader.swift */; };
		C372D02727B32C0E003FEB5D /* BlobLoaderObservable.swift in Sources */ = {isa = PBXBuildFile; fileRef = C372D02627B32C0E003FEB5D /* BlobLoaderObservable.swift */; };
		C372D02A27B32C59003FEB5D /* Blob.swift in Sources */ = {isa = PBXBuildFile; fileRef = C372D02927B32C59003FEB5D /* Blob.swift */; };
		C372D02E27B45452003FEB5D /* CoinbaseScreenView.swift in Sources */ = {isa = PBXBuildFile; fileRef = C372D02D27B45452003FEB5D /* CoinbaseScreenView.swift */; };
		C372D03027B4547C003FEB5D /* CoinbaseScreenViewModel.swift in Sources */ = {isa = PBXBuildFile; fileRef = C372D02F27B4547C003FEB5D /* CoinbaseScreenViewModel.swift */; };
		C372D03327B45671003FEB5D /* Stubbed+Cryptocoins.swift in Sources */ = {isa = PBXBuildFile; fileRef = C372D03227B45671003FEB5D /* Stubbed+Cryptocoins.swift */; };
/* End PBXBuildFile section */

/* Begin PBXFileReference section */
		C372D00827B1A4C7003FEB5D /* VikingSkullApps-BlacksApps.app */ = {isa = PBXFileReference; explicitFileType = wrapper.application; includeInIndex = 0; path = "VikingSkullApps-BlacksApps.app"; sourceTree = BUILT_PRODUCTS_DIR; };
		C372D00B27B1A4C7003FEB5D /* VikingSkullApps_BlacksAppsApp.swift */ = {isa = PBXFileReference; lastKnownFileType = sourcecode.swift; path = VikingSkullApps_BlacksAppsApp.swift; sourceTree = "<group>"; };
		C372D00D27B1A4C7003FEB5D /* ContentView.swift */ = {isa = PBXFileReference; lastKnownFileType = sourcecode.swift; path = ContentView.swift; sourceTree = "<group>"; };
		C372D00F27B1A4C9003FEB5D /* Assets.xcassets */ = {isa = PBXFileReference; lastKnownFileType = folder.assetcatalog; path = Assets.xcassets; sourceTree = "<group>"; };
		C372D01227B1A4C9003FEB5D /* Preview Assets.xcassets */ = {isa = PBXFileReference; lastKnownFileType = folder.assetcatalog; path = "Preview Assets.xcassets"; sourceTree = "<group>"; };
		C372D01A27B30AE1003FEB5D /* CGPoint+Extensions.swift */ = {isa = PBXFileReference; lastKnownFileType = sourcecode.swift; path = "CGPoint+Extensions.swift"; sourceTree = "<group>"; };
		C372D01D27B30B39003FEB5D /* DrawingHelper.swift */ = {isa = PBXFileReference; lastKnownFileType = sourcecode.swift; path = DrawingHelper.swift; sourceTree = "<group>"; };
		C372D02027B30BC1003FEB5D /* PointVariability.swift */ = {isa = PBXFileReference; lastKnownFileType = sourcecode.swift; path = PointVariability.swift; sourceTree = "<group>"; };
		C372D02227B30CBA003FEB5D /* AnimatableVectorVariabilities.swift */ = {isa = PBXFileReference; lastKnownFileType = sourcecode.swift; path = AnimatableVectorVariabilities.swift; sourceTree = "<group>"; };
		C372D02427B32BDC003FEB5D /* BlobLoader.swift */ = {isa = PBXFileReference; lastKnownFileType = sourcecode.swift; path = BlobLoader.swift; sourceTree = "<group>"; };
		C372D02627B32C0E003FEB5D /* BlobLoaderObservable.swift */ = {isa = PBXFileReference; lastKnownFileType = sourcecode.swift; path = BlobLoaderObservable.swift; sourceTree = "<group>"; };
		C372D02927B32C59003FEB5D /* Blob.swift */ = {isa = PBXFileReference; lastKnownFileType = sourcecode.swift; path = Blob.swift; sourceTree = "<group>"; };
		C372D02D27B45452003FEB5D /* CoinbaseScreenView.swift */ = {isa = PBXFileReference; lastKnownFileType = sourcecode.swift; path = CoinbaseScreenView.swift; sourceTree = "<group>"; };
		C372D02F27B4547C003FEB5D /* CoinbaseScreenViewModel.swift */ = {isa = PBXFileReference; lastKnownFileType = sourcecode.swift; path = CoinbaseScreenViewModel.swift; sourceTree = "<group>"; };
		C372D03227B45671003FEB5D /* Stubbed+Cryptocoins.swift */ = {isa = PBXFileReference; lastKnownFileType = sourcecode.swift; path = "Stubbed+Cryptocoins.swift"; sourceTree = "<group>"; };
/* End PBXFileReference section */

/* Begin PBXFrameworksBuildPhase section */
		C372D00527B1A4C7003FEB5D /* Frameworks */ = {
			isa = PBXFrameworksBuildPhase;
			buildActionMask = 2147483647;
			files = (
			);
			runOnlyForDeploymentPostprocessing = 0;
		};
/* End PBXFrameworksBuildPhase section */

/* Begin PBXGroup section */
		C372CFFF27B1A4C7003FEB5D = {
			isa = PBXGroup;
			children = (
				C372D00A27B1A4C7003FEB5D /* VikingSkullApps-BlacksApps */,
				C372D00927B1A4C7003FEB5D /* Products */,
			);
			sourceTree = "<group>";
		};
		C372D00927B1A4C7003FEB5D /* Products */ = {
			isa = PBXGroup;
			children = (
				C372D00827B1A4C7003FEB5D /* VikingSkullApps-BlacksApps.app */,
			);
			name = Products;
			sourceTree = "<group>";
		};
		C372D00A27B1A4C7003FEB5D /* VikingSkullApps-BlacksApps */ = {
			isa = PBXGroup;
			children = (
				C372D02B27B45424003FEB5D /* UI Clones */,
				C372D02827B32C51003FEB5D /* Shapes */,
				C372D01F27B30BB4003FEB5D /* Models */,
				C372D01C27B30B2D003FEB5D /* Helpers */,
				C372D01927B30AD6003FEB5D /* Extensions */,
				C372D00B27B1A4C7003FEB5D /* VikingSkullApps_BlacksAppsApp.swift */,
				C372D00D27B1A4C7003FEB5D /* ContentView.swift */,
				C372D00F27B1A4C9003FEB5D /* Assets.xcassets */,
				C372D01127B1A4C9003FEB5D /* Preview Content */,
				C372D02427B32BDC003FEB5D /* BlobLoader.swift */,
				C372D02627B32C0E003FEB5D /* BlobLoaderObservable.swift */,
			);
			path = "VikingSkullApps-BlacksApps";
			sourceTree = "<group>";
		};
		C372D01127B1A4C9003FEB5D /* Preview Content */ = {
			isa = PBXGroup;
			children = (
				C372D01227B1A4C9003FEB5D /* Preview Assets.xcassets */,
			);
			path = "Preview Content";
			sourceTree = "<group>";
		};
		C372D01927B30AD6003FEB5D /* Extensions */ = {
			isa = PBXGroup;
			children = (
				C372D01A27B30AE1003FEB5D /* CGPoint+Extensions.swift */,
			);
			path = Extensions;
			sourceTree = "<group>";
		};
		C372D01C27B30B2D003FEB5D /* Helpers */ = {
			isa = PBXGroup;
			children = (
				C372D01D27B30B39003FEB5D /* DrawingHelper.swift */,
			);
			path = Helpers;
			sourceTree = "<group>";
		};
		C372D01F27B30BB4003FEB5D /* Models */ = {
			isa = PBXGroup;
			children = (
				C372D02027B30BC1003FEB5D /* PointVariability.swift */,
				C372D02227B30CBA003FEB5D /* AnimatableVectorVariabilities.swift */,
			);
			path = Models;
			sourceTree = "<group>";
		};
		C372D02827B32C51003FEB5D /* Shapes */ = {
			isa = PBXGroup;
			children = (
				C372D02927B32C59003FEB5D /* Blob.swift */,
			);
			path = Shapes;
			sourceTree = "<group>";
		};
		C372D02B27B45424003FEB5D /* UI Clones */ = {
			isa = PBXGroup;
			children = (
				C372D02C27B4542B003FEB5D /* Coinbase */,
			);
			path = "UI Clones";
			sourceTree = "<group>";
		};
		C372D02C27B4542B003FEB5D /* Coinbase */ = {
			isa = PBXGroup;
			children = (
				C372D03127B45642003FEB5D /* Data */,
				C372D02D27B45452003FEB5D /* CoinbaseScreenView.swift */,
				C372D02F27B4547C003FEB5D /* CoinbaseScreenViewModel.swift */,
			);
			path = Coinbase;
			sourceTree = "<group>";
		};
		C372D03127B45642003FEB5D /* Data */ = {
			isa = PBXGroup;
			children = (
				C372D03227B45671003FEB5D /* Stubbed+Cryptocoins.swift */,
			);
			path = Data;
			sourceTree = "<group>";
		};
/* End PBXGroup section */

/* Begin PBXNativeTarget section */
		C372D00727B1A4C7003FEB5D /* VikingSkullApps-BlacksApps */ = {
			isa = PBXNativeTarget;
			buildConfigurationList = C372D01627B1A4C9003FEB5D /* Build configuration list for PBXNativeTarget "VikingSkullApps-BlacksApps" */;
			buildPhases = (
				C372D00427B1A4C7003FEB5D /* Sources */,
				C372D00527B1A4C7003FEB5D /* Frameworks */,
				C372D00627B1A4C7003FEB5D /* Resources */,
			);
			buildRules = (
			);
			dependencies = (
			);
			name = "VikingSkullApps-BlacksApps";
			productName = "VikingSkullApps-BlacksApps";
			productReference = C372D00827B1A4C7003FEB5D /* VikingSkullApps-BlacksApps.app */;
			productType = "com.apple.product-type.application";
		};
/* End PBXNativeTarget section */

/* Begin PBXProject section */
		C372D00027B1A4C7003FEB5D /* Project object */ = {
			isa = PBXProject;
			attributes = {
				BuildIndependentTargetsInParallel = 1;
				LastSwiftUpdateCheck = 1320;
				LastUpgradeCheck = 1320;
				TargetAttributes = {
					C372D00727B1A4C7003FEB5D = {
						CreatedOnToolsVersion = 13.2.1;
					};
				};
			};
			buildConfigurationList = C372D00327B1A4C7003FEB5D /* Build configuration list for PBXProject "VikingSkullApps-BlacksApps" */;
			compatibilityVersion = "Xcode 13.0";
			developmentRegion = en;
			hasScannedForEncodings = 0;
			knownRegions = (
				en,
				Base,
			);
			mainGroup = C372CFFF27B1A4C7003FEB5D;
			productRefGroup = C372D00927B1A4C7003FEB5D /* Products */;
			projectDirPath = "";
			projectRoot = "";
			targets = (
				C372D00727B1A4C7003FEB5D /* VikingSkullApps-BlacksApps */,
			);
		};
/* End PBXProject section */

/* Begin PBXResourcesBuildPhase section */
		C372D00627B1A4C7003FEB5D /* Resources */ = {
			isa = PBXResourcesBuildPhase;
			buildActionMask = 2147483647;
			files = (
				C372D01327B1A4C9003FEB5D /* Preview Assets.xcassets in Resources */,
				C372D01027B1A4C9003FEB5D /* Assets.xcassets in Resources */,
			);
			runOnlyForDeploymentPostprocessing = 0;
		};
/* End PBXResourcesBuildPhase section */

/* Begin PBXSourcesBuildPhase section */
		C372D00427B1A4C7003FEB5D /* Sources */ = {
			isa = PBXSourcesBuildPhase;
			buildActionMask = 2147483647;
			files = (
				C372D02727B32C0E003FEB5D /* BlobLoaderObservable.swift in Sources */,
				C372D03327B45671003FEB5D /* Stubbed+Cryptocoins.swift in Sources */,
				C372D02E27B45452003FEB5D /* CoinbaseScreenView.swift in Sources */,
				C372D00E27B1A4C7003FEB5D /* ContentView.swift in Sources */,
				C372D01B27B30AE1003FEB5D /* CGPoint+Extensions.swift in Sources */,
				C372D03027B4547C003FEB5D /* CoinbaseScreenViewModel.swift in Sources */,
				C372D01E27B30B39003FEB5D /* DrawingHelper.swift in Sources */,
				C372D00C27B1A4C7003FEB5D /* VikingSkullApps_BlacksAppsApp.swift in Sources */,
				C372D02127B30BC1003FEB5D /* PointVariability.swift in Sources */,
				C372D02A27B32C59003FEB5D /* Blob.swift in Sources */,
				C372D02327B30CBA003FEB5D /* AnimatableVectorVariabilities.swift in Sources */,
				C372D02527B32BDC003FEB5D /* BlobLoader.swift in Sources */,
			);
			runOnlyForDeploymentPostprocessing = 0;
		};
/* End PBXSourcesBuildPhase section */

/* Begin XCBuildConfiguration section */
		C372D01427B1A4C9003FEB5D /* Debug */ = {
			isa = XCBuildConfiguration;
			buildSettings = {
				ALWAYS_SEARCH_USER_PATHS = NO;
				CLANG_ANALYZER_NONNULL = YES;
				CLANG_ANALYZER_NUMBER_OBJECT_CONVERSION = YES_AGGRESSIVE;
				CLANG_CXX_LANGUAGE_STANDARD = "gnu++17";
				CLANG_CXX_LIBRARY = "libc++";
				CLANG_ENABLE_MODULES = YES;
				CLANG_ENABLE_OBJC_ARC = YES;
				CLANG_ENABLE_OBJC_WEAK = YES;
				CLANG_WARN_BLOCK_CAPTURE_AUTORELEASING = YES;
				CLANG_WARN_BOOL_CONVERSION = YES;
				CLANG_WARN_COMMA = YES;
				CLANG_WARN_CONSTANT_CONVERSION = YES;
				CLANG_WARN_DEPRECATED_OBJC_IMPLEMENTATIONS = YES;
				CLANG_WARN_DIRECT_OBJC_ISA_USAGE = YES_ERROR;
				CLANG_WARN_DOCUMENTATION_COMMENTS = YES;
				CLANG_WARN_EMPTY_BODY = YES;
				CLANG_WARN_ENUM_CONVERSION = YES;
				CLANG_WARN_INFINITE_RECURSION = YES;
				CLANG_WARN_INT_CONVERSION = YES;
				CLANG_WARN_NON_LITERAL_NULL_CONVERSION = YES;
				CLANG_WARN_OBJC_IMPLICIT_RETAIN_SELF = YES;
				CLANG_WARN_OBJC_LITERAL_CONVERSION = YES;
				CLANG_WARN_OBJC_ROOT_CLASS = YES_ERROR;
				CLANG_WARN_QUOTED_INCLUDE_IN_FRAMEWORK_HEADER = YES;
				CLANG_WARN_RANGE_LOOP_ANALYSIS = YES;
				CLANG_WARN_STRICT_PROTOTYPES = YES;
				CLANG_WARN_SUSPICIOUS_MOVE = YES;
				CLANG_WARN_UNGUARDED_AVAILABILITY = YES_AGGRESSIVE;
				CLANG_WARN_UNREACHABLE_CODE = YES;
				CLANG_WARN__DUPLICATE_METHOD_MATCH = YES;
				COPY_PHASE_STRIP = NO;
				DEBUG_INFORMATION_FORMAT = dwarf;
				ENABLE_STRICT_OBJC_MSGSEND = YES;
				ENABLE_TESTABILITY = YES;
				GCC_C_LANGUAGE_STANDARD = gnu11;
				GCC_DYNAMIC_NO_PIC = NO;
				GCC_NO_COMMON_BLOCKS = YES;
				GCC_OPTIMIZATION_LEVEL = 0;
				GCC_PREPROCESSOR_DEFINITIONS = (
					"DEBUG=1",
					"$(inherited)",
				);
				GCC_WARN_64_TO_32_BIT_CONVERSION = YES;
				GCC_WARN_ABOUT_RETURN_TYPE = YES_ERROR;
				GCC_WARN_UNDECLARED_SELECTOR = YES;
				GCC_WARN_UNINITIALIZED_AUTOS = YES_AGGRESSIVE;
				GCC_WARN_UNUSED_FUNCTION = YES;
				GCC_WARN_UNUSED_VARIABLE = YES;
				IPHONEOS_DEPLOYMENT_TARGET = 15.2;
				MTL_ENABLE_DEBUG_INFO = INCLUDE_SOURCE;
				MTL_FAST_MATH = YES;
				ONLY_ACTIVE_ARCH = YES;
				SDKROOT = iphoneos;
				SWIFT_ACTIVE_COMPILATION_CONDITIONS = DEBUG;
				SWIFT_OPTIMIZATION_LEVEL = "-Onone";
			};
			name = Debug;
		};
		C372D01527B1A4C9003FEB5D /* Release */ = {
			isa = XCBuildConfiguration;
			buildSettings = {
				ALWAYS_SEARCH_USER_PATHS = NO;
				CLANG_ANALYZER_NONNULL = YES;
				CLANG_ANALYZER_NUMBER_OBJECT_CONVERSION = YES_AGGRESSIVE;
				CLANG_CXX_LANGUAGE_STANDARD = "gnu++17";
				CLANG_CXX_LIBRARY = "libc++";
				CLANG_ENABLE_MODULES = YES;
				CLANG_ENABLE_OBJC_ARC = YES;
				CLANG_ENABLE_OBJC_WEAK = YES;
				CLANG_WARN_BLOCK_CAPTURE_AUTORELEASING = YES;
				CLANG_WARN_BOOL_CONVERSION = YES;
				CLANG_WARN_COMMA = YES;
				CLANG_WARN_CONSTANT_CONVERSION = YES;
				CLANG_WARN_DEPRECATED_OBJC_IMPLEMENTATIONS = YES;
				CLANG_WARN_DIRECT_OBJC_ISA_USAGE = YES_ERROR;
				CLANG_WARN_DOCUMENTATION_COMMENTS = YES;
				CLANG_WARN_EMPTY_BODY = YES;
				CLANG_WARN_ENUM_CONVERSION = YES;
				CLANG_WARN_INFINITE_RECURSION = YES;
				CLANG_WARN_INT_CONVERSION = YES;
				CLANG_WARN_NON_LITERAL_NULL_CONVERSION = YES;
				CLANG_WARN_OBJC_IMPLICIT_RETAIN_SELF = YES;
				CLANG_WARN_OBJC_LITERAL_CONVERSION = YES;
				CLANG_WARN_OBJC_ROOT_CLASS = YES_ERROR;
				CLANG_WARN_QUOTED_INCLUDE_IN_FRAMEWORK_HEADER = YES;
				CLANG_WARN_RANGE_LOOP_ANALYSIS = YES;
				CLANG_WARN_STRICT_PROTOTYPES = YES;
				CLANG_WARN_SUSPICIOUS_MOVE = YES;
				CLANG_WARN_UNGUARDED_AVAILABILITY = YES_AGGRESSIVE;
				CLANG_WARN_UNREACHABLE_CODE = YES;
				CLANG_WARN__DUPLICATE_METHOD_MATCH = YES;
				COPY_PHASE_STRIP = NO;
				DEBUG_INFORMATION_FORMAT = "dwarf-with-dsym";
				ENABLE_NS_ASSERTIONS = NO;
				ENABLE_STRICT_OBJC_MSGSEND = YES;
				GCC_C_LANGUAGE_STANDARD = gnu11;
				GCC_NO_COMMON_BLOCKS = YES;
				GCC_WARN_64_TO_32_BIT_CONVERSION = YES;
				GCC_WARN_ABOUT_RETURN_TYPE = YES_ERROR;
				GCC_WARN_UNDECLARED_SELECTOR = YES;
				GCC_WARN_UNINITIALIZED_AUTOS = YES_AGGRESSIVE;
				GCC_WARN_UNUSED_FUNCTION = YES;
				GCC_WARN_UNUSED_VARIABLE = YES;
				IPHONEOS_DEPLOYMENT_TARGET = 15.2;
				MTL_ENABLE_DEBUG_INFO = NO;
				MTL_FAST_MATH = YES;
				SDKROOT = iphoneos;
				SWIFT_COMPILATION_MODE = wholemodule;
				SWIFT_OPTIMIZATION_LEVEL = "-O";
				VALIDATE_PRODUCT = YES;
			};
			name = Release;
		};
		C372D01727B1A4C9003FEB5D /* Debug */ = {
			isa = XCBuildConfiguration;
			buildSettings = {
				ASSETCATALOG_COMPILER_APPICON_NAME = AppIcon;
				ASSETCATALOG_COMPILER_GLOBAL_ACCENT_COLOR_NAME = AccentColor;
				CODE_SIGN_STYLE = Automatic;
				CURRENT_PROJECT_VERSION = 1;
				DEVELOPMENT_ASSET_PATHS = "\"VikingSkullApps-BlacksApps/Preview Content\"";
				DEVELOPMENT_TEAM = 2262CQKPZT;
				ENABLE_PREVIEWS = YES;
				GENERATE_INFOPLIST_FILE = YES;
				INFOPLIST_KEY_UIApplicationSceneManifest_Generation = YES;
				INFOPLIST_KEY_UIApplicationSupportsIndirectInputEvents = YES;
				INFOPLIST_KEY_UILaunchScreen_Generation = YES;
				INFOPLIST_KEY_UISupportedInterfaceOrientations_iPad = "UIInterfaceOrientationPortrait UIInterfaceOrientationPortraitUpsideDown UIInterfaceOrientationLandscapeLeft UIInterfaceOrientationLandscapeRight";
				INFOPLIST_KEY_UISupportedInterfaceOrientations_iPhone = "UIInterfaceOrientationPortrait UIInterfaceOrientationLandscapeLeft UIInterfaceOrientationLandscapeRight";
				LD_RUNPATH_SEARCH_PATHS = (
					"$(inherited)",
					"@executable_path/Frameworks",
				);
				MARKETING_VERSION = 1.0;
				PRODUCT_BUNDLE_IDENTIFIER = "com.connorblack.VikingSkullApps-BlacksApps";
				PRODUCT_NAME = "$(TARGET_NAME)";
				SWIFT_EMIT_LOC_STRINGS = YES;
				SWIFT_VERSION = 5.0;
				TARGETED_DEVICE_FAMILY = "1,2";
			};
			name = Debug;
		};
		C372D01827B1A4C9003FEB5D /* Release */ = {
			isa = XCBuildConfiguration;
			buildSettings = {
				ASSETCATALOG_COMPILER_APPICON_NAME = AppIcon;
				ASSETCATALOG_COMPILER_GLOBAL_ACCENT_COLOR_NAME = AccentColor;
				CODE_SIGN_STYLE = Automatic;
				CURRENT_PROJECT_VERSION = 1;
				DEVELOPMENT_ASSET_PATHS = "\"VikingSkullApps-BlacksApps/Preview Content\"";
				DEVELOPMENT_TEAM = 2262CQKPZT;
				ENABLE_PREVIEWS = YES;
				GENERATE_INFOPLIST_FILE = YES;
				INFOPLIST_KEY_UIApplicationSceneManifest_Generation = YES;
				INFOPLIST_KEY_UIApplicationSupportsIndirectInputEvents = YES;
				INFOPLIST_KEY_UILaunchScreen_Generation = YES;
				INFOPLIST_KEY_UISupportedInterfaceOrientations_iPad = "UIInterfaceOrientationPortrait UIInterfaceOrientationPortraitUpsideDown UIInterfaceOrientationLandscapeLeft UIInterfaceOrientationLandscapeRight";
				INFOPLIST_KEY_UISupportedInterfaceOrientations_iPhone = "UIInterfaceOrientationPortrait UIInterfaceOrientationLandscapeLeft UIInterfaceOrientationLandscapeRight";
				LD_RUNPATH_SEARCH_PATHS = (
					"$(inherited)",
					"@executable_path/Frameworks",
				);
				MARKETING_VERSION = 1.0;
				PRODUCT_BUNDLE_IDENTIFIER = "com.connorblack.VikingSkullApps-BlacksApps";
				PRODUCT_NAME = "$(TARGET_NAME)";
				SWIFT_EMIT_LOC_STRINGS = YES;
				SWIFT_VERSION = 5.0;
				TARGETED_DEVICE_FAMILY = "1,2";
			};
			name = Release;
		};
/* End XCBuildConfiguration section */

/* Begin XCConfigurationList section */
		C372D00327B1A4C7003FEB5D /* Build configuration list for PBXProject "VikingSkullApps-BlacksApps" */ = {
			isa = XCConfigurationList;
			buildConfigurations = (
				C372D01427B1A4C9003FEB5D /* Debug */,
				C372D01527B1A4C9003FEB5D /* Release */,
			);
			defaultConfigurationIsVisible = 0;
			defaultConfigurationName = Release;
		};
		C372D01627B1A4C9003FEB5D /* Build configuration list for PBXNativeTarget "VikingSkullApps-BlacksApps" */ = {
			isa = XCConfigurationList;
			buildConfigurations = (
				C372D01727B1A4C9003FEB5D /* Debug */,
				C372D01827B1A4C9003FEB5D /* Release */,
			);
			defaultConfigurationIsVisible = 0;
			defaultConfigurationName = Release;
		};
/* End XCConfigurationList section */
	};
	rootObject = C372D00027B1A4C7003FEB5D /* Project object */;
}
